// !$*UTF8*$!
{
	archiveVersion = 1;
	classes = {
	};
	objectVersion = 56;
	objects = {

/* Begin PBXBuildFile section */
		451EB1F72B60DCA800020090 /* AppDelegate.swift in Sources */ = {isa = PBXBuildFile; fileRef = 451EB1F62B60DCA800020090 /* AppDelegate.swift */; };
		451EB1F92B60DCA800020090 /* SceneDelegate.swift in Sources */ = {isa = PBXBuildFile; fileRef = 451EB1F82B60DCA800020090 /* SceneDelegate.swift */; };
		451EB2002B60DCA900020090 /* Assets.xcassets in Resources */ = {isa = PBXBuildFile; fileRef = 451EB1FF2B60DCA900020090 /* Assets.xcassets */; };
		451EB2032B60DCA900020090 /* LaunchScreen.storyboard in Resources */ = {isa = PBXBuildFile; fileRef = 451EB2012B60DCA900020090 /* LaunchScreen.storyboard */; };
		451EB20E2B60DE0E00020090 /* ChatViewController.swift in Sources */ = {isa = PBXBuildFile; fileRef = 451EB20C2B60DE0E00020090 /* ChatViewController.swift */; };
		451EB20F2B60DE0E00020090 /* ChatViewController.xib in Resources */ = {isa = PBXBuildFile; fileRef = 451EB20D2B60DE0E00020090 /* ChatViewController.xib */; };
		451EB21A2B60E1A000020090 /* AnotherMessageCollectionViewCell.swift in Sources */ = {isa = PBXBuildFile; fileRef = 451EB2182B60E1A000020090 /* AnotherMessageCollectionViewCell.swift */; };
		451EB21B2B60E1A000020090 /* AnotherMessageCollectionViewCell.xib in Resources */ = {isa = PBXBuildFile; fileRef = 451EB2192B60E1A000020090 /* AnotherMessageCollectionViewCell.xib */; };
		451EB21F2B60E1DB00020090 /* SelfMessageCollectionViewCell.swift in Sources */ = {isa = PBXBuildFile; fileRef = 451EB21D2B60E1DB00020090 /* SelfMessageCollectionViewCell.swift */; };
		451EB2202B60E1DB00020090 /* SelfMessageCollectionViewCell.xib in Resources */ = {isa = PBXBuildFile; fileRef = 451EB21E2B60E1DB00020090 /* SelfMessageCollectionViewCell.xib */; };
		451EB2232B60E55E00020090 /* UICollectionView + extension.swift in Sources */ = {isa = PBXBuildFile; fileRef = 451EB2222B60E55E00020090 /* UICollectionView + extension.swift */; };
		451EB2262B61393100020090 /* ChatModel.swift in Sources */ = {isa = PBXBuildFile; fileRef = 451EB2252B61393100020090 /* ChatModel.swift */; };
		451EB2282B6143B000020090 /* UIViewController + extension.swift in Sources */ = {isa = PBXBuildFile; fileRef = 451EB2272B6143B000020090 /* UIViewController + extension.swift */; };
/* End PBXBuildFile section */

/* Begin PBXFileReference section */
		451EB1F32B60DCA800020090 /* PheonTest.app */ = {isa = PBXFileReference; explicitFileType = wrapper.application; includeInIndex = 0; path = PheonTest.app; sourceTree = BUILT_PRODUCTS_DIR; };
		451EB1F62B60DCA800020090 /* AppDelegate.swift */ = {isa = PBXFileReference; lastKnownFileType = sourcecode.swift; path = AppDelegate.swift; sourceTree = "<group>"; };
		451EB1F82B60DCA800020090 /* SceneDelegate.swift */ = {isa = PBXFileReference; lastKnownFileType = sourcecode.swift; path = SceneDelegate.swift; sourceTree = "<group>"; };
		451EB1FF2B60DCA900020090 /* Assets.xcassets */ = {isa = PBXFileReference; lastKnownFileType = folder.assetcatalog; path = Assets.xcassets; sourceTree = "<group>"; };
		451EB2022B60DCA900020090 /* Base */ = {isa = PBXFileReference; lastKnownFileType = file.storyboard; name = Base; path = Base.lproj/LaunchScreen.storyboard; sourceTree = "<group>"; };
		451EB2042B60DCA900020090 /* Info.plist */ = {isa = PBXFileReference; lastKnownFileType = text.plist.xml; path = Info.plist; sourceTree = "<group>"; };
		451EB20C2B60DE0E00020090 /* ChatViewController.swift */ = {isa = PBXFileReference; lastKnownFileType = sourcecode.swift; path = ChatViewController.swift; sourceTree = "<group>"; };
		451EB20D2B60DE0E00020090 /* ChatViewController.xib */ = {isa = PBXFileReference; lastKnownFileType = file.xib; path = ChatViewController.xib; sourceTree = "<group>"; };
		451EB2182B60E1A000020090 /* AnotherMessageCollectionViewCell.swift */ = {isa = PBXFileReference; lastKnownFileType = sourcecode.swift; path = AnotherMessageCollectionViewCell.swift; sourceTree = "<group>"; };
		451EB2192B60E1A000020090 /* AnotherMessageCollectionViewCell.xib */ = {isa = PBXFileReference; lastKnownFileType = file.xib; path = AnotherMessageCollectionViewCell.xib; sourceTree = "<group>"; };
		451EB21D2B60E1DB00020090 /* SelfMessageCollectionViewCell.swift */ = {isa = PBXFileReference; lastKnownFileType = sourcecode.swift; path = SelfMessageCollectionViewCell.swift; sourceTree = "<group>"; };
		451EB21E2B60E1DB00020090 /* SelfMessageCollectionViewCell.xib */ = {isa = PBXFileReference; lastKnownFileType = file.xib; path = SelfMessageCollectionViewCell.xib; sourceTree = "<group>"; };
		451EB2222B60E55E00020090 /* UICollectionView + extension.swift */ = {isa = PBXFileReference; lastKnownFileType = sourcecode.swift; path = "UICollectionView + extension.swift"; sourceTree = "<group>"; };
		451EB2252B61393100020090 /* ChatModel.swift */ = {isa = PBXFileReference; lastKnownFileType = sourcecode.swift; path = ChatModel.swift; sourceTree = "<group>"; };
		451EB2272B6143B000020090 /* UIViewController + extension.swift */ = {isa = PBXFileReference; lastKnownFileType = sourcecode.swift; path = "UIViewController + extension.swift"; sourceTree = "<group>"; };
/* End PBXFileReference section */

/* Begin PBXFrameworksBuildPhase section */
		451EB1F02B60DCA800020090 /* Frameworks */ = {
			isa = PBXFrameworksBuildPhase;
			buildActionMask = 2147483647;
			files = (
			);
			runOnlyForDeploymentPostprocessing = 0;
		};
/* End PBXFrameworksBuildPhase section */

/* Begin PBXGroup section */
		451EB1EA2B60DCA800020090 = {
			isa = PBXGroup;
			children = (
				451EB1F52B60DCA800020090 /* PheonTest */,
				451EB1F42B60DCA800020090 /* Products */,
			);
			sourceTree = "<group>";
		};
		451EB1F42B60DCA800020090 /* Products */ = {
			isa = PBXGroup;
			children = (
				451EB1F32B60DCA800020090 /* PheonTest.app */,
			);
			name = Products;
			sourceTree = "<group>";
		};
		451EB1F52B60DCA800020090 /* PheonTest */ = {
			isa = PBXGroup;
			children = (
				451EB2042B60DCA900020090 /* Info.plist */,
				451EB20A2B60DDAE00020090 /* Modules */,
				451EB2212B60E50600020090 /* Extensions */,
				451EB2112B60DEB700020090 /* Resources */,
			);
			path = PheonTest;
			sourceTree = "<group>";
		};
		451EB20A2B60DDAE00020090 /* Modules */ = {
			isa = PBXGroup;
			children = (
				451EB20B2B60DDC400020090 /* Chat */,
			);
			path = Modules;
			sourceTree = "<group>";
		};
		451EB20B2B60DDC400020090 /* Chat */ = {
			isa = PBXGroup;
			children = (
				451EB2242B61391E00020090 /* Model */,
				451EB2102B60DE3000020090 /* ChatViewController */,
			);
			path = Chat;
			sourceTree = "<group>";
		};
		451EB2102B60DE3000020090 /* ChatViewController */ = {
			isa = PBXGroup;
			children = (
				451EB2122B60E0F100020090 /* CollectionViewItems */,
				451EB20C2B60DE0E00020090 /* ChatViewController.swift */,
				451EB20D2B60DE0E00020090 /* ChatViewController.xib */,
			);
			path = ChatViewController;
			sourceTree = "<group>";
		};
		451EB2112B60DEB700020090 /* Resources */ = {
			isa = PBXGroup;
			children = (
				451EB1F62B60DCA800020090 /* AppDelegate.swift */,
				451EB1F82B60DCA800020090 /* SceneDelegate.swift */,
				451EB2012B60DCA900020090 /* LaunchScreen.storyboard */,
				451EB1FF2B60DCA900020090 /* Assets.xcassets */,
			);
			path = Resources;
			sourceTree = "<group>";
		};
		451EB2122B60E0F100020090 /* CollectionViewItems */ = {
			isa = PBXGroup;
			children = (
				451EB21C2B60E1A600020090 /* AnotherMessage */,
				451EB2172B60E16900020090 /* SelfMessage */,
			);
			path = CollectionViewItems;
			sourceTree = "<group>";
		};
		451EB2172B60E16900020090 /* SelfMessage */ = {
			isa = PBXGroup;
			children = (
				451EB21D2B60E1DB00020090 /* SelfMessageCollectionViewCell.swift */,
				451EB21E2B60E1DB00020090 /* SelfMessageCollectionViewCell.xib */,
			);
			path = SelfMessage;
			sourceTree = "<group>";
		};
		451EB21C2B60E1A600020090 /* AnotherMessage */ = {
			isa = PBXGroup;
			children = (
				451EB2182B60E1A000020090 /* AnotherMessageCollectionViewCell.swift */,
				451EB2192B60E1A000020090 /* AnotherMessageCollectionViewCell.xib */,
			);
			path = AnotherMessage;
			sourceTree = "<group>";
		};
		451EB2212B60E50600020090 /* Extensions */ = {
			isa = PBXGroup;
			children = (
				451EB2222B60E55E00020090 /* UICollectionView + extension.swift */,
				451EB2272B6143B000020090 /* UIViewController + extension.swift */,
			);
			path = Extensions;
			sourceTree = "<group>";
		};
		451EB2242B61391E00020090 /* Model */ = {
			isa = PBXGroup;
			children = (
				451EB2252B61393100020090 /* ChatModel.swift */,
			);
			path = Model;
			sourceTree = "<group>";
		};
/* End PBXGroup section */

/* Begin PBXNativeTarget section */
		451EB1F22B60DCA800020090 /* PheonTest */ = {
			isa = PBXNativeTarget;
			buildConfigurationList = 451EB2072B60DCA900020090 /* Build configuration list for PBXNativeTarget "PheonTest" */;
			buildPhases = (
				451EB1EF2B60DCA800020090 /* Sources */,
				451EB1F02B60DCA800020090 /* Frameworks */,
				451EB1F12B60DCA800020090 /* Resources */,
			);
			buildRules = (
			);
			dependencies = (
			);
			name = PheonTest;
			productName = PheonTest;
			productReference = 451EB1F32B60DCA800020090 /* PheonTest.app */;
			productType = "com.apple.product-type.application";
		};
/* End PBXNativeTarget section */

/* Begin PBXProject section */
		451EB1EB2B60DCA800020090 /* Project object */ = {
			isa = PBXProject;
			attributes = {
				BuildIndependentTargetsInParallel = 1;
				LastSwiftUpdateCheck = 1510;
				LastUpgradeCheck = 1510;
				TargetAttributes = {
					451EB1F22B60DCA800020090 = {
						CreatedOnToolsVersion = 15.1;
					};
				};
			};
			buildConfigurationList = 451EB1EE2B60DCA800020090 /* Build configuration list for PBXProject "PheonTest" */;
			compatibilityVersion = "Xcode 14.0";
			developmentRegion = en;
			hasScannedForEncodings = 0;
			knownRegions = (
				en,
				Base,
			);
			mainGroup = 451EB1EA2B60DCA800020090;
			productRefGroup = 451EB1F42B60DCA800020090 /* Products */;
			projectDirPath = "";
			projectRoot = "";
			targets = (
				451EB1F22B60DCA800020090 /* PheonTest */,
			);
		};
/* End PBXProject section */

/* Begin PBXResourcesBuildPhase section */
		451EB1F12B60DCA800020090 /* Resources */ = {
			isa = PBXResourcesBuildPhase;
			buildActionMask = 2147483647;
			files = (
				451EB2202B60E1DB00020090 /* SelfMessageCollectionViewCell.xib in Resources */,
				451EB2032B60DCA900020090 /* LaunchScreen.storyboard in Resources */,
				451EB2002B60DCA900020090 /* Assets.xcassets in Resources */,
				451EB21B2B60E1A000020090 /* AnotherMessageCollectionViewCell.xib in Resources */,
				451EB20F2B60DE0E00020090 /* ChatViewController.xib in Resources */,
			);
			runOnlyForDeploymentPostprocessing = 0;
		};
/* End PBXResourcesBuildPhase section */

/* Begin PBXSourcesBuildPhase section */
		451EB1EF2B60DCA800020090 /* Sources */ = {
			isa = PBXSourcesBuildPhase;
			buildActionMask = 2147483647;
			files = (
				451EB21A2B60E1A000020090 /* AnotherMessageCollectionViewCell.swift in Sources */,
				451EB1F72B60DCA800020090 /* AppDelegate.swift in Sources */,
				451EB2282B6143B000020090 /* UIViewController + extension.swift in Sources */,
				451EB20E2B60DE0E00020090 /* ChatViewController.swift in Sources */,
				451EB2262B61393100020090 /* ChatModel.swift in Sources */,
				451EB21F2B60E1DB00020090 /* SelfMessageCollectionViewCell.swift in Sources */,
				451EB2232B60E55E00020090 /* UICollectionView + extension.swift in Sources */,
				451EB1F92B60DCA800020090 /* SceneDelegate.swift in Sources */,
			);
			runOnlyForDeploymentPostprocessing = 0;
		};
/* End PBXSourcesBuildPhase section */

/* Begin PBXVariantGroup section */
		451EB2012B60DCA900020090 /* LaunchScreen.storyboard */ = {
			isa = PBXVariantGroup;
			children = (
				451EB2022B60DCA900020090 /* Base */,
			);
			name = LaunchScreen.storyboard;
			sourceTree = "<group>";
		};
/* End PBXVariantGroup section */

/* Begin XCBuildConfiguration section */
		451EB2052B60DCA900020090 /* Debug */ = {
			isa = XCBuildConfiguration;
			buildSettings = {
				ALWAYS_SEARCH_USER_PATHS = NO;
				ASSETCATALOG_COMPILER_GENERATE_SWIFT_ASSET_SYMBOL_EXTENSIONS = YES;
				CLANG_ANALYZER_NONNULL = YES;
				CLANG_ANALYZER_NUMBER_OBJECT_CONVERSION = YES_AGGRESSIVE;
				CLANG_CXX_LANGUAGE_STANDARD = "gnu++20";
				CLANG_ENABLE_MODULES = YES;
				CLANG_ENABLE_OBJC_ARC = YES;
				CLANG_ENABLE_OBJC_WEAK = YES;
				CLANG_WARN_BLOCK_CAPTURE_AUTORELEASING = YES;
				CLANG_WARN_BOOL_CONVERSION = YES;
				CLANG_WARN_COMMA = YES;
				CLANG_WARN_CONSTANT_CONVERSION = YES;
				CLANG_WARN_DEPRECATED_OBJC_IMPLEMENTATIONS = YES;
				CLANG_WARN_DIRECT_OBJC_ISA_USAGE = YES_ERROR;
				CLANG_WARN_DOCUMENTATION_COMMENTS = YES;
				CLANG_WARN_EMPTY_BODY = YES;
				CLANG_WARN_ENUM_CONVERSION = YES;
				CLANG_WARN_INFINITE_RECURSION = YES;
				CLANG_WARN_INT_CONVERSION = YES;
				CLANG_WARN_NON_LITERAL_NULL_CONVERSION = YES;
				CLANG_WARN_OBJC_IMPLICIT_RETAIN_SELF = YES;
				CLANG_WARN_OBJC_LITERAL_CONVERSION = YES;
				CLANG_WARN_OBJC_ROOT_CLASS = YES_ERROR;
				CLANG_WARN_QUOTED_INCLUDE_IN_FRAMEWORK_HEADER = YES;
				CLANG_WARN_RANGE_LOOP_ANALYSIS = YES;
				CLANG_WARN_STRICT_PROTOTYPES = YES;
				CLANG_WARN_SUSPICIOUS_MOVE = YES;
				CLANG_WARN_UNGUARDED_AVAILABILITY = YES_AGGRESSIVE;
				CLANG_WARN_UNREACHABLE_CODE = YES;
				CLANG_WARN__DUPLICATE_METHOD_MATCH = YES;
				COPY_PHASE_STRIP = NO;
				DEBUG_INFORMATION_FORMAT = dwarf;
				ENABLE_STRICT_OBJC_MSGSEND = YES;
				ENABLE_TESTABILITY = YES;
				ENABLE_USER_SCRIPT_SANDBOXING = YES;
				GCC_C_LANGUAGE_STANDARD = gnu17;
				GCC_DYNAMIC_NO_PIC = NO;
				GCC_NO_COMMON_BLOCKS = YES;
				GCC_OPTIMIZATION_LEVEL = 0;
				GCC_PREPROCESSOR_DEFINITIONS = (
					"DEBUG=1",
					"$(inherited)",
				);
				GCC_WARN_64_TO_32_BIT_CONVERSION = YES;
				GCC_WARN_ABOUT_RETURN_TYPE = YES_ERROR;
				GCC_WARN_UNDECLARED_SELECTOR = YES;
				GCC_WARN_UNINITIALIZED_AUTOS = YES_AGGRESSIVE;
				GCC_WARN_UNUSED_FUNCTION = YES;
				GCC_WARN_UNUSED_VARIABLE = YES;
				IPHONEOS_DEPLOYMENT_TARGET = 17.2;
				LOCALIZATION_PREFERS_STRING_CATALOGS = YES;
				MTL_ENABLE_DEBUG_INFO = INCLUDE_SOURCE;
				MTL_FAST_MATH = YES;
				ONLY_ACTIVE_ARCH = YES;
				SDKROOT = iphoneos;
				SWIFT_ACTIVE_COMPILATION_CONDITIONS = "DEBUG $(inherited)";
				SWIFT_OPTIMIZATION_LEVEL = "-Onone";
			};
			name = Debug;
		};
		451EB2062B60DCA900020090 /* Release */ = {
			isa = XCBuildConfiguration;
			buildSettings = {
				ALWAYS_SEARCH_USER_PATHS = NO;
				ASSETCATALOG_COMPILER_GENERATE_SWIFT_ASSET_SYMBOL_EXTENSIONS = YES;
				CLANG_ANALYZER_NONNULL = YES;
				CLANG_ANALYZER_NUMBER_OBJECT_CONVERSION = YES_AGGRESSIVE;
				CLANG_CXX_LANGUAGE_STANDARD = "gnu++20";
				CLANG_ENABLE_MODULES = YES;
				CLANG_ENABLE_OBJC_ARC = YES;
				CLANG_ENABLE_OBJC_WEAK = YES;
				CLANG_WARN_BLOCK_CAPTURE_AUTORELEASING = YES;
				CLANG_WARN_BOOL_CONVERSION = YES;
				CLANG_WARN_COMMA = YES;
				CLANG_WARN_CONSTANT_CONVERSION = YES;
				CLANG_WARN_DEPRECATED_OBJC_IMPLEMENTATIONS = YES;
				CLANG_WARN_DIRECT_OBJC_ISA_USAGE = YES_ERROR;
				CLANG_WARN_DOCUMENTATION_COMMENTS = YES;
				CLANG_WARN_EMPTY_BODY = YES;
				CLANG_WARN_ENUM_CONVERSION = YES;
				CLANG_WARN_INFINITE_RECURSION = YES;
				CLANG_WARN_INT_CONVERSION = YES;
				CLANG_WARN_NON_LITERAL_NULL_CONVERSION = YES;
				CLANG_WARN_OBJC_IMPLICIT_RETAIN_SELF = YES;
				CLANG_WARN_OBJC_LITERAL_CONVERSION = YES;
				CLANG_WARN_OBJC_ROOT_CLASS = YES_ERROR;
				CLANG_WARN_QUOTED_INCLUDE_IN_FRAMEWORK_HEADER = YES;
				CLANG_WARN_RANGE_LOOP_ANALYSIS = YES;
				CLANG_WARN_STRICT_PROTOTYPES = YES;
				CLANG_WARN_SUSPICIOUS_MOVE = YES;
				CLANG_WARN_UNGUARDED_AVAILABILITY = YES_AGGRESSIVE;
				CLANG_WARN_UNREACHABLE_CODE = YES;
				CLANG_WARN__DUPLICATE_METHOD_MATCH = YES;
				COPY_PHASE_STRIP = NO;
				DEBUG_INFORMATION_FORMAT = "dwarf-with-dsym";
				ENABLE_NS_ASSERTIONS = NO;
				ENABLE_STRICT_OBJC_MSGSEND = YES;
				ENABLE_USER_SCRIPT_SANDBOXING = YES;
				GCC_C_LANGUAGE_STANDARD = gnu17;
				GCC_NO_COMMON_BLOCKS = YES;
				GCC_WARN_64_TO_32_BIT_CONVERSION = YES;
				GCC_WARN_ABOUT_RETURN_TYPE = YES_ERROR;
				GCC_WARN_UNDECLARED_SELECTOR = YES;
				GCC_WARN_UNINITIALIZED_AUTOS = YES_AGGRESSIVE;
				GCC_WARN_UNUSED_FUNCTION = YES;
				GCC_WARN_UNUSED_VARIABLE = YES;
				IPHONEOS_DEPLOYMENT_TARGET = 17.2;
				LOCALIZATION_PREFERS_STRING_CATALOGS = YES;
				MTL_ENABLE_DEBUG_INFO = NO;
				MTL_FAST_MATH = YES;
				SDKROOT = iphoneos;
				SWIFT_COMPILATION_MODE = wholemodule;
				VALIDATE_PRODUCT = YES;
			};
			name = Release;
		};
		451EB2082B60DCA900020090 /* Debug */ = {
			isa = XCBuildConfiguration;
			buildSettings = {
				ASSETCATALOG_COMPILER_APPICON_NAME = AppIcon;
				ASSETCATALOG_COMPILER_GLOBAL_ACCENT_COLOR_NAME = AccentColor;
				CODE_SIGN_STYLE = Automatic;
				CURRENT_PROJECT_VERSION = 1;
				GENERATE_INFOPLIST_FILE = YES;
				INFOPLIST_FILE = PheonTest/Info.plist;
				INFOPLIST_KEY_UIApplicationSupportsIndirectInputEvents = YES;
				INFOPLIST_KEY_UILaunchStoryboardName = LaunchScreen;
				INFOPLIST_KEY_UIMainStoryboardFile = "";
				INFOPLIST_KEY_UISupportedInterfaceOrientations_iPad = "UIInterfaceOrientationPortrait UIInterfaceOrientationPortraitUpsideDown UIInterfaceOrientationLandscapeLeft UIInterfaceOrientationLandscapeRight";
				INFOPLIST_KEY_UISupportedInterfaceOrientations_iPhone = "UIInterfaceOrientationPortrait UIInterfaceOrientationLandscapeLeft UIInterfaceOrientationLandscapeRight";
				LD_RUNPATH_SEARCH_PATHS = (
					"$(inherited)",
					"@executable_path/Frameworks",
				);
				MARKETING_VERSION = 1.0;
				PRODUCT_BUNDLE_IDENTIFIER = karaimchukid.PheonTest;
				PRODUCT_NAME = "$(TARGET_NAME)";
				SWIFT_EMIT_LOC_STRINGS = YES;
				SWIFT_VERSION = 5.0;
				TARGETED_DEVICE_FAMILY = "1,2";
			};
			name = Debug;
		};
		451EB2092B60DCA900020090 /* Release */ = {
			isa = XCBuildConfiguration;
			buildSettings = {
				ASSETCATALOG_COMPILER_APPICON_NAME = AppIcon;
				ASSETCATALOG_COMPILER_GLOBAL_ACCENT_COLOR_NAME = AccentColor;
				CODE_SIGN_STYLE = Automatic;
				CURRENT_PROJECT_VERSION = 1;
				GENERATE_INFOPLIST_FILE = YES;
				INFOPLIST_FILE = PheonTest/Info.plist;
				INFOPLIST_KEY_UIApplicationSupportsIndirectInputEvents = YES;
				INFOPLIST_KEY_UILaunchStoryboardName = LaunchScreen;
				INFOPLIST_KEY_UIMainStoryboardFile = "";
				INFOPLIST_KEY_UISupportedInterfaceOrientations_iPad = "UIInterfaceOrientationPortrait UIInterfaceOrientationPortraitUpsideDown UIInterfaceOrientationLandscapeLeft UIInterfaceOrientationLandscapeRight";
				INFOPLIST_KEY_UISupportedInterfaceOrientations_iPhone = "UIInterfaceOrientationPortrait UIInterfaceOrientationLandscapeLeft UIInterfaceOrientationLandscapeRight";
				LD_RUNPATH_SEARCH_PATHS = (
					"$(inherited)",
					"@executable_path/Frameworks",
				);
				MARKETING_VERSION = 1.0;
				PRODUCT_BUNDLE_IDENTIFIER = karaimchukid.PheonTest;
				PRODUCT_NAME = "$(TARGET_NAME)";
				SWIFT_EMIT_LOC_STRINGS = YES;
				SWIFT_VERSION = 5.0;
				TARGETED_DEVICE_FAMILY = "1,2";
			};
			name = Release;
		};
/* End XCBuildConfiguration section */

/* Begin XCConfigurationList section */
		451EB1EE2B60DCA800020090 /* Build configuration list for PBXProject "PheonTest" */ = {
			isa = XCConfigurationList;
			buildConfigurations = (
				451EB2052B60DCA900020090 /* Debug */,
				451EB2062B60DCA900020090 /* Release */,
			);
			defaultConfigurationIsVisible = 0;
			defaultConfigurationName = Release;
		};
		451EB2072B60DCA900020090 /* Build configuration list for PBXNativeTarget "PheonTest" */ = {
			isa = XCConfigurationList;
			buildConfigurations = (
				451EB2082B60DCA900020090 /* Debug */,
				451EB2092B60DCA900020090 /* Release */,
			);
			defaultConfigurationIsVisible = 0;
			defaultConfigurationName = Release;
		};
/* End XCConfigurationList section */
	};
	rootObject = 451EB1EB2B60DCA800020090 /* Project object */;
}
